
Microsoft Visual Studio Solution File, Format Version 12.00
# Visual Studio Version 17
VisualStudioVersion = 17.8.34525.116
MinimumVisualStudioVersion = 10.0.40219.1
Project("{FAE04EC0-301F-11D3-BF4B-00C04F79EFBC}") = "HRMS_WebAPI", "HRMS_WebAPI.csproj", "{EDC9D1A3-5676-4736-8A9A-8333AA87CDC0}"
EndProject
Global
	GlobalSection(SolutionConfigurationPlatforms) = preSolution
		Debug|Any CPU = Debug|Any CPU
		Release|Any CPU = Release|Any CPU
	EndGlobalSection
	GlobalSection(ProjectConfigurationPlatforms) = postSolution
		{EDC9D1A3-5676-4736-8A9A-8333AA87CDC0}.Debug|Any CPU.ActiveCfg = Debug|Any CPU
		{EDC9D1A3-5676-4736-8A9A-8333AA87CDC0}.Debug|Any CPU.Build.0 = Debug|Any CPU
		{EDC9D1A3-5676-4736-8A9A-8333AA87CDC0}.Release|Any CPU.ActiveCfg = Release|Any CPU
		{EDC9D1A3-5676-4736-8A9A-8333AA87CDC0}.Release|Any CPU.Build.0 = Release|Any CPU
	EndGlobalSection
	GlobalSection(SolutionProperties) = preSolution
		HideSolutionNode = FALSE
	EndGlobalSection
	GlobalSection(ExtensibilityGlobals) = postSolution
		SolutionGuid = {2413B502-4BC6-43A0-8219-831F3DB7775D}
	EndGlobalSection
EndGlobal
